{
  "name": "PriceComparison",
  "lockfileVersion": 3,
  "requires": true,
  "packages": {
    "": {
      "devDependencies": {
        "@angular/flex-layout": "^15.0.0-beta.42",
        "typedoc": "^0.24.8"
      }
    },
    "node_modules/@angular/cdk": {
      "version": "16.2.0",
      "resolved": "https://registry.npmjs.org/@angular/cdk/-/cdk-16.2.0.tgz",
      "integrity": "sha512-pOIXP15uQkl3bf7t0i25+0uBjkHkVmBgwOMlqE9imY4gGq7UswbZRYHaGudJITin2ASFqKDgKvwNRCBqfmjO4A==",
      "dev": true,
      "peer": true,
      "dependencies": {
        "tslib": "^2.3.0"
      },
      "optionalDependencies": {
        "parse5": "^7.1.2"
      },
      "peerDependencies": {
        "@angular/common": "^16.0.0 || ^17.0.0",
        "@angular/core": "^16.0.0 || ^17.0.0",
        "rxjs": "^6.5.3 || ^7.4.0"
      }
    },
    "node_modules/@angular/common": {
      "version": "16.2.0",
      "resolved": "https://registry.npmjs.org/@angular/common/-/common-16.2.0.tgz",
      "integrity": "sha512-ByrDLsTBarzqRmq4GS841Ku0lvB4L2wfOCfGEIw2ZuiNbZlDA5O/qohQgJnHR5d9meVJnu9NgdbeyMzk90xZNg==",
      "dev": true,
      "peer": true,
      "dependencies": {
        "tslib": "^2.3.0"
      },
      "engines": {
        "node": "^16.14.0 || >=18.10.0"
      },
      "peerDependencies": {
        "@angular/core": "16.2.0",
        "rxjs": "^6.5.3 || ^7.4.0"
      }
    },
    "node_modules/@angular/core": {
      "version": "16.2.0",
      "resolved": "https://registry.npmjs.org/@angular/core/-/core-16.2.0.tgz",
      "integrity": "sha512-iwUWFw+JmRxw0chcNoqhXVR8XUTE+Rszhy22iSCkK0Jo8IJqEad1d2dQoFu1QfqOVdPMZtpJDmC/ppQ/f5c5aA==",
      "dev": true,
      "peer": true,
      "dependencies": {
        "tslib": "^2.3.0"
      },
      "engines": {
        "node": "^16.14.0 || >=18.10.0"
      },
      "peerDependencies": {
        "rxjs": "^6.5.3 || ^7.4.0",
        "zone.js": "~0.13.0"
      }
    },
    "node_modules/@angular/flex-layout": {
      "version": "15.0.0-beta.42",
      "resolved": "https://registry.npmjs.org/@angular/flex-layout/-/flex-layout-15.0.0-beta.42.tgz",
      "integrity": "sha512-cTAPVMMxnyIFwpZwdq0PL5mdP9Qh+R8MB7ZBezVaN3Rz2fRrkagzKpLvPX3TFzepXrvHBdpKsU4b8u+NxEC/6g==",
      "deprecated": "This package has been deprecated. Please see https://blog.angular.io/modern-css-in-angular-layouts-4a259dca9127",
      "dev": true,
      "dependencies": {
        "tslib": "^2.3.0"
      },
      "peerDependencies": {
        "@angular/cdk": ">=15.0.0",
        "@angular/common": ">=15.0.2",
        "@angular/core": ">=15.0.2",
        "@angular/platform-browser": ">=15.0.2",
        "rxjs": "^6.5.3 || ^7.4.0"
      }
    },
    "node_modules/@angular/platform-browser": {
      "version": "16.2.0",
      "resolved": "https://registry.npmjs.org/@angular/platform-browser/-/platform-browser-16.2.0.tgz",
      "integrity": "sha512-6xjZFnSD0C8ylDbzKpsxCJ4pLJDRvippr9Wj9RCeDQvAzMibsqIjpbesyOccw3hO+jheJQRhM/rZeO1ubZU94w==",
      "dev": true,
      "peer": true,
      "dependencies": {
        "tslib": "^2.3.0"
      },
      "engines": {
        "node": "^16.14.0 || >=18.10.0"
      },
      "peerDependencies": {
        "@angular/animations": "16.2.0",
        "@angular/common": "16.2.0",
        "@angular/core": "16.2.0"
      },
      "peerDependenciesMeta": {
        "@angular/animations": {
          "optional": true
        }
      }
    },
    "node_modules/ansi-sequence-parser": {
      "version": "1.1.0",
      "dev": true,
      "license": "MIT"
    },
    "node_modules/balanced-match": {
      "version": "1.0.2",
      "dev": true,
      "license": "MIT"
    },
    "node_modules/brace-expansion": {
      "version": "2.0.1",
      "dev": true,
      "license": "MIT",
      "dependencies": {
        "balanced-match": "^1.0.0"
      }
    },
    "node_modules/entities": {
      "version": "4.5.0",
      "resolved": "https://registry.npmjs.org/entities/-/entities-4.5.0.tgz",
      "integrity": "sha512-V0hjH4dGPh9Ao5p0MoRY6BVqtwCjhz6vI5LT8AJ55H+4g9/4vbHx1I54fS0XuclLhDHArPQCiMjDxjaL8fPxhw==",
      "dev": true,
      "optional": true,
      "peer": true,
      "engines": {
        "node": ">=0.12"
      },
      "funding": {
        "url": "https://github.com/fb55/entities?sponsor=1"
      }
    },
    "node_modules/jsonc-parser": {
      "version": "3.2.0",
      "dev": true,
      "license": "MIT"
    },
    "node_modules/lunr": {
      "version": "2.3.9",
      "dev": true,
      "license": "MIT"
    },
    "node_modules/marked": {
      "version": "4.3.0",
      "dev": true,
      "license": "MIT",
      "bin": {
        "marked": "bin/marked.js"
      },
      "engines": {
        "node": ">= 12"
      }
    },
    "node_modules/minimatch": {
      "version": "9.0.3",
      "dev": true,
      "license": "ISC",
      "dependencies": {
        "brace-expansion": "^2.0.1"
      },
      "engines": {
        "node": ">=16 || 14 >=14.17"
      },
      "funding": {
        "url": "https://github.com/sponsors/isaacs"
      }
    },
    "node_modules/parse5": {
      "version": "7.1.2",
      "resolved": "https://registry.npmjs.org/parse5/-/parse5-7.1.2.tgz",
      "integrity": "sha512-Czj1WaSVpaoj0wbhMzLmWD69anp2WH7FXMB9n1Sy8/ZFF9jolSQVMu1Ij5WIyGmcBmhk7EOndpO4mIpihVqAXw==",
      "dev": true,
      "optional": true,
      "peer": true,
      "dependencies": {
        "entities": "^4.4.0"
      },
      "funding": {
        "url": "https://github.com/inikulin/parse5?sponsor=1"
      }
    },
    "node_modules/rxjs": {
      "version": "7.8.1",
      "resolved": "https://registry.npmjs.org/rxjs/-/rxjs-7.8.1.tgz",
      "integrity": "sha512-AA3TVj+0A2iuIoQkWEK/tqFjBq2j+6PO6Y0zJcvzLAFhEFIO3HL0vls9hWLncZbAAbK0mar7oZ4V079I/qPMxg==",
      "dev": true,
      "peer": true,
      "dependencies": {
        "tslib": "^2.1.0"
      }
    },
    "node_modules/shiki": {
      "version": "0.14.3",
      "dev": true,
      "license": "MIT",
      "dependencies": {
        "ansi-sequence-parser": "^1.1.0",
        "jsonc-parser": "^3.2.0",
        "vscode-oniguruma": "^1.7.0",
        "vscode-textmate": "^8.0.0"
      }
    },
    "node_modules/tslib": {
      "version": "2.6.1",
      "resolved": "https://registry.npmjs.org/tslib/-/tslib-2.6.1.tgz",
      "integrity": "sha512-t0hLfiEKfMUoqhG+U1oid7Pva4bbDPHYfJNiB7BiIjRkj1pyC++4N3huJfqY6aRH6VTB0rvtzQwjM4K6qpfOig==",
      "dev": true
    },
    "node_modules/typedoc": {
      "version": "0.24.8",
      "dev": true,
      "license": "Apache-2.0",
      "dependencies": {
        "lunr": "^2.3.9",
        "marked": "^4.3.0",
        "minimatch": "^9.0.0",
        "shiki": "^0.14.1"
      },
      "bin": {
        "typedoc": "bin/typedoc"
      },
      "engines": {
        "node": ">= 14.14"
      },
      "peerDependencies": {
        "typescript": "4.6.x || 4.7.x || 4.8.x || 4.9.x || 5.0.x || 5.1.x"
      }
    },
    "node_modules/typescript": {
      "version": "5.1.6",
      "dev": true,
      "license": "Apache-2.0",
      "peer": true,
      "bin": {
        "tsc": "bin/tsc",
        "tsserver": "bin/tsserver"
      },
      "engines": {
        "node": ">=14.17"
      }
    },
    "node_modules/vscode-oniguruma": {
      "version": "1.7.0",
      "dev": true,
      "license": "MIT"
    },
    "node_modules/vscode-textmate": {
      "version": "8.0.0",
      "dev": true,
      "license": "MIT"
    },
    "node_modules/zone.js": {
      "version": "0.13.1",
      "resolved": "https://registry.npmjs.org/zone.js/-/zone.js-0.13.1.tgz",
      "integrity": "sha512-+bIeDAFEBYuXRuU3qGQvzdPap+N1zjM4KkBAiiQuVVCrHrhjDuY6VkUhNa5+U27+9w0q3fbKiMCbpJ0XzMmSWA==",
      "dev": true,
      "peer": true,
      "dependencies": {
        "tslib": "^2.3.0"
      }
    }
  }
}
